
Microsoft Visual Studio Solution File, Format Version 12.00
# Visual Studio Version 17
VisualStudioVersion = 17.1.32210.238
MinimumVisualStudioVersion = 10.0.40219.1
Project("{FAE04EC0-301F-11D3-BF4B-00C04F79EFBC}") = "Proyecto1_KAML", "Proyecto1_KAML.csproj", "{55FBF0B5-AF36-493B-8B67-3D7FA47E6DC5}"
EndProject
Global
	GlobalSection(SolutionConfigurationPlatforms) = preSolution
		Debug|Any CPU = Debug|Any CPU
		Release|Any CPU = Release|Any CPU
	EndGlobalSection
	GlobalSection(ProjectConfigurationPlatforms) = postSolution
		{55FBF0B5-AF36-493B-8B67-3D7FA47E6DC5}.Debug|Any CPU.ActiveCfg = Debug|Any CPU
		{55FBF0B5-AF36-493B-8B67-3D7FA47E6DC5}.Debug|Any CPU.Build.0 = Debug|Any CPU
		{55FBF0B5-AF36-493B-8B67-3D7FA47E6DC5}.Release|Any CPU.ActiveCfg = Release|Any CPU
		{55FBF0B5-AF36-493B-8B67-3D7FA47E6DC5}.Release|Any CPU.Build.0 = Release|Any CPU
	EndGlobalSection
	GlobalSection(SolutionProperties) = preSolution
		HideSolutionNode = FALSE
	EndGlobalSection
	GlobalSection(ExtensibilityGlobals) = postSolution
		SolutionGuid = {2AD6F7BB-71C1-419C-BEC7-D48C80C7AB58}
	EndGlobalSection
EndGlobal
